
Microsoft Visual Studio Solution File, Format Version 12.00
# Visual Studio Version 17
VisualStudioVersion = 17.7.34009.444
MinimumVisualStudioVersion = 10.0.40219.1
Project("{8BC9CEB8-8B4A-11D0-8D11-00A0C91BC942}") = "ALL_BUILD", "ALL_BUILD.vcxproj", "{F2C036C2-8274-33D9-9305-4D0B0E15135B}"
	ProjectSection(ProjectDependencies) = postProject
		{D8E38E78-4E72-34E3-805B-C88F002BD24C} = {D8E38E78-4E72-34E3-805B-C88F002BD24C}
		{C4FD2861-1237-3BAE-83D2-9D2420344116} = {C4FD2861-1237-3BAE-83D2-9D2420344116}
		{AB853882-9E0D-3201-836F-C41594835887} = {AB853882-9E0D-3201-836F-C41594835887}
		{1AEB7F16-A627-3FA4-B8A0-0ED1CAF922FA} = {1AEB7F16-A627-3FA4-B8A0-0ED1CAF922FA}
	EndProjectSection
EndProject
Project("{8BC9CEB8-8B4A-11D0-8D11-00A0C91BC942}") = "INSTALL", "INSTALL.vcxproj", "{0AEB8244-5E29-3E9B-8167-CCF29B19A133}"
	ProjectSection(ProjectDependencies) = postProject
		{F2C036C2-8274-33D9-9305-4D0B0E15135B} = {F2C036C2-8274-33D9-9305-4D0B0E15135B}
		{D8E38E78-4E72-34E3-805B-C88F002BD24C} = {D8E38E78-4E72-34E3-805B-C88F002BD24C}
	EndProjectSection
EndProject
Project("{8BC9CEB8-8B4A-11D0-8D11-00A0C91BC942}") = "ZERO_CHECK", "ZERO_CHECK.vcxproj", "{D8E38E78-4E72-34E3-805B-C88F002BD24C}"
EndProject
Project("{8BC9CEB8-8B4A-11D0-8D11-00A0C91BC942}") = "dark", "dark.vcxproj", "{C4FD2861-1237-3BAE-83D2-9D2420344116}"
	ProjectSection(ProjectDependencies) = postProject
		{D8E38E78-4E72-34E3-805B-C88F002BD24C} = {D8E38E78-4E72-34E3-805B-C88F002BD24C}
	EndProjectSection
EndProject
Project("{8BC9CEB8-8B4A-11D0-8D11-00A0C91BC942}") = "darknet", "darknet.vcxproj", "{AB853882-9E0D-3201-836F-C41594835887}"
	ProjectSection(ProjectDependencies) = postProject
		{D8E38E78-4E72-34E3-805B-C88F002BD24C} = {D8E38E78-4E72-34E3-805B-C88F002BD24C}
	EndProjectSection
EndProject
Project("{8BC9CEB8-8B4A-11D0-8D11-00A0C91BC942}") = "uselib", "uselib.vcxproj", "{1AEB7F16-A627-3FA4-B8A0-0ED1CAF922FA}"
	ProjectSection(ProjectDependencies) = postProject
		{D8E38E78-4E72-34E3-805B-C88F002BD24C} = {D8E38E78-4E72-34E3-805B-C88F002BD24C}
		{C4FD2861-1237-3BAE-83D2-9D2420344116} = {C4FD2861-1237-3BAE-83D2-9D2420344116}
	EndProjectSection
EndProject
Global
	GlobalSection(SolutionConfigurationPlatforms) = preSolution
		Debug|x64 = Debug|x64
		MinSizeRel|x64 = MinSizeRel|x64
		Release|x64 = Release|x64
		RelWithDebInfo|x64 = RelWithDebInfo|x64
	EndGlobalSection
	GlobalSection(ProjectConfigurationPlatforms) = postSolution
		{F2C036C2-8274-33D9-9305-4D0B0E15135B}.Debug|x64.ActiveCfg = Debug|x64
		{F2C036C2-8274-33D9-9305-4D0B0E15135B}.Debug|x64.Build.0 = Debug|x64
		{F2C036C2-8274-33D9-9305-4D0B0E15135B}.MinSizeRel|x64.ActiveCfg = MinSizeRel|x64
		{F2C036C2-8274-33D9-9305-4D0B0E15135B}.MinSizeRel|x64.Build.0 = MinSizeRel|x64
		{F2C036C2-8274-33D9-9305-4D0B0E15135B}.Release|x64.ActiveCfg = Release|x64
		{F2C036C2-8274-33D9-9305-4D0B0E15135B}.Release|x64.Build.0 = Release|x64
		{F2C036C2-8274-33D9-9305-4D0B0E15135B}.RelWithDebInfo|x64.ActiveCfg = RelWithDebInfo|x64
		{F2C036C2-8274-33D9-9305-4D0B0E15135B}.RelWithDebInfo|x64.Build.0 = RelWithDebInfo|x64
		{0AEB8244-5E29-3E9B-8167-CCF29B19A133}.Debug|x64.ActiveCfg = Debug|x64
		{0AEB8244-5E29-3E9B-8167-CCF29B19A133}.MinSizeRel|x64.ActiveCfg = MinSizeRel|x64
		{0AEB8244-5E29-3E9B-8167-CCF29B19A133}.Release|x64.ActiveCfg = Release|x64
		{0AEB8244-5E29-3E9B-8167-CCF29B19A133}.Release|x64.Build.0 = Release|x64
		{0AEB8244-5E29-3E9B-8167-CCF29B19A133}.RelWithDebInfo|x64.ActiveCfg = RelWithDebInfo|x64
		{D8E38E78-4E72-34E3-805B-C88F002BD24C}.Debug|x64.ActiveCfg = Debug|x64
		{D8E38E78-4E72-34E3-805B-C88F002BD24C}.Debug|x64.Build.0 = Debug|x64
		{D8E38E78-4E72-34E3-805B-C88F002BD24C}.MinSizeRel|x64.ActiveCfg = MinSizeRel|x64
		{D8E38E78-4E72-34E3-805B-C88F002BD24C}.MinSizeRel|x64.Build.0 = MinSizeRel|x64
		{D8E38E78-4E72-34E3-805B-C88F002BD24C}.Release|x64.ActiveCfg = Release|x64
		{D8E38E78-4E72-34E3-805B-C88F002BD24C}.Release|x64.Build.0 = Release|x64
		{D8E38E78-4E72-34E3-805B-C88F002BD24C}.RelWithDebInfo|x64.ActiveCfg = RelWithDebInfo|x64
		{D8E38E78-4E72-34E3-805B-C88F002BD24C}.RelWithDebInfo|x64.Build.0 = RelWithDebInfo|x64
		{C4FD2861-1237-3BAE-83D2-9D2420344116}.Debug|x64.ActiveCfg = Debug|x64
		{C4FD2861-1237-3BAE-83D2-9D2420344116}.Debug|x64.Build.0 = Debug|x64
		{C4FD2861-1237-3BAE-83D2-9D2420344116}.MinSizeRel|x64.ActiveCfg = MinSizeRel|x64
		{C4FD2861-1237-3BAE-83D2-9D2420344116}.MinSizeRel|x64.Build.0 = MinSizeRel|x64
		{C4FD2861-1237-3BAE-83D2-9D2420344116}.Release|x64.ActiveCfg = Release|x64
		{C4FD2861-1237-3BAE-83D2-9D2420344116}.Release|x64.Build.0 = Release|x64
		{C4FD2861-1237-3BAE-83D2-9D2420344116}.RelWithDebInfo|x64.ActiveCfg = RelWithDebInfo|x64
		{C4FD2861-1237-3BAE-83D2-9D2420344116}.RelWithDebInfo|x64.Build.0 = RelWithDebInfo|x64
		{AB853882-9E0D-3201-836F-C41594835887}.Debug|x64.ActiveCfg = Debug|x64
		{AB853882-9E0D-3201-836F-C41594835887}.Debug|x64.Build.0 = Debug|x64
		{AB853882-9E0D-3201-836F-C41594835887}.MinSizeRel|x64.ActiveCfg = MinSizeRel|x64
		{AB853882-9E0D-3201-836F-C41594835887}.MinSizeRel|x64.Build.0 = MinSizeRel|x64
		{AB853882-9E0D-3201-836F-C41594835887}.Release|x64.ActiveCfg = Release|x64
		{AB853882-9E0D-3201-836F-C41594835887}.Release|x64.Build.0 = Release|x64
		{AB853882-9E0D-3201-836F-C41594835887}.RelWithDebInfo|x64.ActiveCfg = RelWithDebInfo|x64
		{AB853882-9E0D-3201-836F-C41594835887}.RelWithDebInfo|x64.Build.0 = RelWithDebInfo|x64
		{1AEB7F16-A627-3FA4-B8A0-0ED1CAF922FA}.Debug|x64.ActiveCfg = Debug|x64
		{1AEB7F16-A627-3FA4-B8A0-0ED1CAF922FA}.Debug|x64.Build.0 = Debug|x64
		{1AEB7F16-A627-3FA4-B8A0-0ED1CAF922FA}.MinSizeRel|x64.ActiveCfg = MinSizeRel|x64
		{1AEB7F16-A627-3FA4-B8A0-0ED1CAF922FA}.MinSizeRel|x64.Build.0 = MinSizeRel|x64
		{1AEB7F16-A627-3FA4-B8A0-0ED1CAF922FA}.Release|x64.ActiveCfg = Release|x64
		{1AEB7F16-A627-3FA4-B8A0-0ED1CAF922FA}.Release|x64.Build.0 = Release|x64
		{1AEB7F16-A627-3FA4-B8A0-0ED1CAF922FA}.RelWithDebInfo|x64.ActiveCfg = RelWithDebInfo|x64
		{1AEB7F16-A627-3FA4-B8A0-0ED1CAF922FA}.RelWithDebInfo|x64.Build.0 = RelWithDebInfo|x64
	EndGlobalSection
	GlobalSection(SolutionProperties) = preSolution
		HideSolutionNode = FALSE
	EndGlobalSection
	GlobalSection(ExtensibilityGlobals) = postSolution
		SolutionGuid = {96A759B7-D743-3292-94DC-32A31EE15F39}
	EndGlobalSection
EndGlobal
